{
  "requires": true,
  "lockfileVersion": 1,
  "dependencies": {
    "@types/json-schema": {
      "version": "7.0.6",
      "resolved": "https://registry.npm.taobao.org/@types/json-schema/download/@types/json-schema-7.0.6.tgz",
      "integrity": "sha1-9MfsQ+gbMZqYFRFQMXCfJph4kfA="
    },
    "ajv": {
      "version": "6.12.6",
      "resolved": "https://registry.npm.taobao.org/ajv/download/ajv-6.12.6.tgz?cache=0&sync_timestamp=1607267347109&other_urls=https%3A%2F%2Fregistry.npm.taobao.org%2Fajv%2Fdownload%2Fajv-6.12.6.tgz",
      "integrity": "sha1-uvWmLoArB9l3A0WG+MO69a3ybfQ=",
      "requires": {
        "fast-deep-equal": "^3.1.1",
        "fast-json-stable-stringify": "^2.0.0",
        "json-schema-traverse": "^0.4.1",
        "uri-js": "^4.2.2"
      }
    },
    "ajv-keywords": {
      "version": "3.5.2",
      "resolved": "https://registry.npm.taobao.org/ajv-keywords/download/ajv-keywords-3.5.2.tgz?cache=0&sync_timestamp=1606678369133&other_urls=https%3A%2F%2Fregistry.npm.taobao.org%2Fajv-keywords%2Fdownload%2Fajv-keywords-3.5.2.tgz",
      "integrity": "sha1-MfKdpatuANHC0yms97WSlhTVAU0="
    },
    "big.js": {
      "version": "5.2.2",
      "resolved": "https://registry.npm.taobao.org/big.js/download/big.js-5.2.2.tgz",
      "integrity": "sha1-ZfCvOC9Xi83HQr2cKB6cstd2gyg="
    },
    "emojis-list": {
      "version": "3.0.0",
      "resolved": "https://registry.npm.taobao.org/emojis-list/download/emojis-list-3.0.0.tgz",
      "integrity": "sha1-VXBmIEatKeLpFucariYKvf9Pang="
    },
    "errno": {
      "version": "0.1.7",
      "resolved": "https://registry.npm.taobao.org/errno/download/errno-0.1.7.tgz",
      "integrity": "sha1-RoTXF3mtOa8Xfj8AeZb3xnyFJhg=",
      "optional": true,
      "requires": {
        "prr": "~1.0.1"
      }
    },
    "fast-deep-equal": {
      "version": "3.1.3",
      "resolved": "https://registry.npm.taobao.org/fast-deep-equal/download/fast-deep-equal-3.1.3.tgz",
      "integrity": "sha1-On1WtVnWy8PrUSMlJE5hmmXGxSU="
    },
    "fast-json-stable-stringify": {
      "version": "2.1.0",
      "resolved": "https://registry.npm.taobao.org/fast-json-stable-stringify/download/fast-json-stable-stringify-2.1.0.tgz",
      "integrity": "sha1-h0v2nG9ATCtdmcSBNBOZ/VWJJjM="
    },
    "graceful-fs": {
      "version": "4.2.4",
      "resolved": "https://registry.npm.taobao.org/graceful-fs/download/graceful-fs-4.2.4.tgz?cache=0&sync_timestamp=1588086905523&other_urls=https%3A%2F%2Fregistry.npm.taobao.org%2Fgraceful-fs%2Fdownload%2Fgraceful-fs-4.2.4.tgz",
      "integrity": "sha1-Ila94U02MpWMRl68ltxGfKB6Kfs=",
      "optional": true
    },
    "image-size": {
      "version": "0.5.5",
      "resolved": "https://registry.npm.taobao.org/image-size/download/image-size-0.5.5.tgz?cache=0&sync_timestamp=1603729096155&other_urls=https%3A%2F%2Fregistry.npm.taobao.org%2Fimage-size%2Fdownload%2Fimage-size-0.5.5.tgz",
      "integrity": "sha1-Cd/Uq50g4p6xw+gLiZA3jfnjy5w=",
      "optional": true
    },
    "json-schema-traverse": {
      "version": "0.4.1",
      "resolved": "https://registry.npm.taobao.org/json-schema-traverse/download/json-schema-traverse-0.4.1.tgz?cache=0&sync_timestamp=1599333999343&other_urls=https%3A%2F%2Fregistry.npm.taobao.org%2Fjson-schema-traverse%2Fdownload%2Fjson-schema-traverse-0.4.1.tgz",
      "integrity": "sha1-afaofZUTq4u4/mO9sJecRI5oRmA="
    },
    "json5": {
      "version": "2.1.3",
      "resolved": "https://registry.npm.taobao.org/json5/download/json5-2.1.3.tgz?cache=0&sync_timestamp=1586045666090&other_urls=https%3A%2F%2Fregistry.npm.taobao.org%2Fjson5%2Fdownload%2Fjson5-2.1.3.tgz",
      "integrity": "sha1-ybD3+pIzv+WAf+ZvzzpWF+1ZfUM=",
      "requires": {
        "minimist": "^1.2.5"
      }
    },
    "klona": {
      "version": "2.0.4",
      "resolved": "https://registry.npm.taobao.org/klona/download/klona-2.0.4.tgz?cache=0&sync_timestamp=1600226636423&other_urls=https%3A%2F%2Fregistry.npm.taobao.org%2Fklona%2Fdownload%2Fklona-2.0.4.tgz",
      "integrity": "sha1-e7Hjr/sMuGJFR+9+j2cI6i4538A="
    },
    "less": {
      "version": "3.12.2",
      "resolved": "https://registry.npm.taobao.org/less/download/less-3.12.2.tgz",
      "integrity": "sha1-FX5t0ypohp34hZMUrTjnAhGvOrQ=",
      "requires": {
        "errno": "^0.1.1",
        "graceful-fs": "^4.1.2",
        "image-size": "~0.5.0",
        "make-dir": "^2.1.0",
        "mime": "^1.4.1",
        "native-request": "^1.0.5",
        "source-map": "~0.6.0",
        "tslib": "^1.10.0"
      }
    },
    "less-loader": {
      "version": "7.1.0",
      "resolved": "https://registry.npm.taobao.org/less-loader/download/less-loader-7.1.0.tgz?cache=0&sync_timestamp=1605095927771&other_urls=https%3A%2F%2Fregistry.npm.taobao.org%2Fless-loader%2Fdownload%2Fless-loader-7.1.0.tgz",
      "integrity": "sha1-lY1B6G194Ly0kHEe4PI1qp3Flqo=",
      "requires": {
        "klona": "^2.0.4",
        "loader-utils": "^2.0.0",
        "schema-utils": "^3.0.0"
      }
    },
    "loader-utils": {
      "version": "2.0.0",
      "resolved": "https://registry.npm.taobao.org/loader-utils/download/loader-utils-2.0.0.tgz",
      "integrity": "sha1-5MrOW4FtQloWa18JfhDNErNgZLA=",
      "requires": {
        "big.js": "^5.2.2",
        "emojis-list": "^3.0.0",
        "json5": "^2.1.2"
      }
    },
    "make-dir": {
      "version": "2.1.0",
      "resolved": "https://registry.npm.taobao.org/make-dir/download/make-dir-2.1.0.tgz",
      "integrity": "sha1-XwMQ4YuL6JjMBwCSlaMK5B6R5vU=",
      "optional": true,
      "requires": {
        "pify": "^4.0.1",
        "semver": "^5.6.0"
      }
    },
    "mime": {
      "version": "1.6.0",
      "resolved": "https://registry.npm.taobao.org/mime/download/mime-1.6.0.tgz?cache=0&sync_timestamp=1590596728112&other_urls=https%3A%2F%2Fregistry.npm.taobao.org%2Fmime%2Fdownload%2Fmime-1.6.0.tgz",
      "integrity": "sha1-Ms2eXGRVO9WNGaVor0Uqz/BJgbE=",
      "optional": true
    },
    "minimist": {
      "version": "1.2.5",
      "resolved": "https://registry.npm.taobao.org/minimist/download/minimist-1.2.5.tgz",
      "integrity": "sha1-Z9ZgFLZqaoqqDAg8X9WN9OTpdgI="
    },
    "native-request": {
      "version": "1.0.8",
      "resolved": "https://registry.npm.taobao.org/native-request/download/native-request-1.0.8.tgz?cache=0&other_urls=https%3A%2F%2Fregistry.npm.taobao.org%2Fnative-request%2Fdownload%2Fnative-request-1.0.8.tgz",
      "integrity": "sha1-j2a/YG4PfqJ8DlmV6y9dA+M65vs=",
      "optional": true
    },
    "pify": {
      "version": "4.0.1",
      "resolved": "https://registry.npm.taobao.org/pify/download/pify-4.0.1.tgz",
      "integrity": "sha1-SyzSXFDVmHNcUCkiJP2MbfQeMjE=",
      "optional": true
    },
    "prr": {
      "version": "1.0.1",
      "resolved": "https://registry.npm.taobao.org/prr/download/prr-1.0.1.tgz",
      "integrity": "sha1-0/wRS6BplaRexok/SEzrHXj19HY=",
      "optional": true
    },
    "punycode": {
      "version": "2.1.1",
      "resolved": "https://registry.npm.taobao.org/punycode/download/punycode-2.1.1.tgz",
      "integrity": "sha1-tYsBCsQMIsVldhbI0sLALHv0eew="
    },
    "schema-utils": {
      "version": "3.0.0",
      "resolved": "https://registry.npm.taobao.org/schema-utils/download/schema-utils-3.0.0.tgz?cache=0&sync_timestamp=1601922251376&other_urls=https%3A%2F%2Fregistry.npm.taobao.org%2Fschema-utils%2Fdownload%2Fschema-utils-3.0.0.tgz",
      "integrity": "sha1-Z1AvaqK2ai1AMrQnmilEl4oJE+8=",
      "requires": {
        "@types/json-schema": "^7.0.6",
        "ajv": "^6.12.5",
        "ajv-keywords": "^3.5.2"
      }
    },
    "semver": {
      "version": "5.7.1",
      "resolved": "https://registry.npm.taobao.org/semver/download/semver-5.7.1.tgz?cache=0&sync_timestamp=1606854810932&other_urls=https%3A%2F%2Fregistry.npm.taobao.org%2Fsemver%2Fdownload%2Fsemver-5.7.1.tgz",
      "integrity": "sha1-qVT5Ma66UI0we78Gnv8MAclhFvc=",
      "optional": true
    },
    "source-map": {
      "version": "0.6.1",
      "resolved": "https://registry.npm.taobao.org/source-map/download/source-map-0.6.1.tgz",
      "integrity": "sha1-dHIq8y6WFOnCh6jQu95IteLxomM=",
      "optional": true
    },
    "tslib": {
      "version": "1.14.1",
      "resolved": "https://registry.npm.taobao.org/tslib/download/tslib-1.14.1.tgz?cache=0&sync_timestamp=1602286603545&other_urls=https%3A%2F%2Fregistry.npm.taobao.org%2Ftslib%2Fdownload%2Ftslib-1.14.1.tgz",
      "integrity": "sha1-zy04vcNKE0vK8QkcQfZhni9nLQA="
    },
    "uri-js": {
      "version": "4.4.0",
      "resolved": "https://registry.npm.taobao.org/uri-js/download/uri-js-4.4.0.tgz?cache=0&sync_timestamp=1598814377097&other_urls=https%3A%2F%2Fregistry.npm.taobao.org%2Furi-js%2Fdownload%2Furi-js-4.4.0.tgz",
      "integrity": "sha1-qnFCYd55PoqCNHp7zJznTobyhgI=",
      "requires": {
        "punycode": "^2.1.0"
      }
    }
  }
}
